PODS:
  - Apollo (0.10.1):
    - Apollo/Core (= 0.10.1)
  - Apollo/Core (0.10.1)
  - SnapKit (5.0.0)
  - SwiftyJSON (4.3.0)

DEPENDENCIES:
  - Apollo
  - SnapKit (~> 5.0.0)
  - SwiftyJSON (~> 4.0)

SPEC REPOS:
  https://github.com/cocoapods/specs.git:
    - Apollo
    - SnapKit
    - SwiftyJSON

SPEC CHECKSUMS:
  Apollo: 4d690a9b2e48e8820182df4b988d7a253e1ee589
  SnapKit: fd22d10eb9aff484d79a8724eab922c1ddf89bcf
  SwiftyJSON: 6faa0040f8b59dead0ee07436cbf76b73c08fd08

PODFILE CHECKSUM: 8199c4f4bf436541e71ca297013b3ab48b44d618

COCOAPODS: 1.7.4
