// !$*UTF8*$!
{
	archiveVersion = 1;
	classes = {
	};
	objectVersion = 51;
	objects = {

/* Begin PBXBuildFile section */
		D94C976CFE0D8FDD38BBD47A /* Pods_synup_poc.framework in Frameworks */ = {isa = PBXBuildFile; fileRef = 10EA95A071F0F5AEFEEEE848 /* Pods_synup_poc.framework */; };
		DF0E619622E839CA00B07DBA /* Search.swift in Sources */ = {isa = PBXBuildFile; fileRef = DF0E619522E839CA00B07DBA /* Search.swift */; };
		DF0E619922E8609000B07DBA /* ImageLoader.swift in Sources */ = {isa = PBXBuildFile; fileRef = DF0E619822E8609000B07DBA /* ImageLoader.swift */; };
		DF2BF6EB22D83A8700A6A7EC /* schema.json in Resources */ = {isa = PBXBuildFile; fileRef = DF2BF6EA22D83A8700A6A7EC /* schema.json */; };
		DF7AC2B622D83B79000AA1C3 /* API.graphql in Resources */ = {isa = PBXBuildFile; fileRef = DF7AC2B522D83B79000AA1C3 /* API.graphql */; };
		DF7AC2B822D83B93000AA1C3 /* API.swift in Sources */ = {isa = PBXBuildFile; fileRef = DF7AC2B722D83B93000AA1C3 /* API.swift */; };
		DF7AC2BD22D83E4B000AA1C3 /* Business.swift in Sources */ = {isa = PBXBuildFile; fileRef = DF7AC2BC22D83E4B000AA1C3 /* Business.swift */; };
		DF7AC2C022D8418E000AA1C3 /* GraphQueries.swift in Sources */ = {isa = PBXBuildFile; fileRef = DF7AC2BF22D8418E000AA1C3 /* GraphQueries.swift */; };
		DF7AC2C322D8456A000AA1C3 /* SearchBar.swift in Sources */ = {isa = PBXBuildFile; fileRef = DF7AC2C222D8456A000AA1C3 /* SearchBar.swift */; };
		DF7AC2C522D872F7000AA1C3 /* AppState.swift in Sources */ = {isa = PBXBuildFile; fileRef = DF7AC2C422D872F7000AA1C3 /* AppState.swift */; };
		DFFF66D622D831580032CCC2 /* AppDelegate.swift in Sources */ = {isa = PBXBuildFile; fileRef = DFFF66D522D831580032CCC2 /* AppDelegate.swift */; };
		DFFF66D822D831580032CCC2 /* SceneDelegate.swift in Sources */ = {isa = PBXBuildFile; fileRef = DFFF66D722D831580032CCC2 /* SceneDelegate.swift */; };
		DFFF66DA22D831580032CCC2 /* ContentView.swift in Sources */ = {isa = PBXBuildFile; fileRef = DFFF66D922D831580032CCC2 /* ContentView.swift */; };
		DFFF66DC22D831590032CCC2 /* Assets.xcassets in Resources */ = {isa = PBXBuildFile; fileRef = DFFF66DB22D831590032CCC2 /* Assets.xcassets */; };
		DFFF66DF22D831590032CCC2 /* Preview Assets.xcassets in Resources */ = {isa = PBXBuildFile; fileRef = DFFF66DE22D831590032CCC2 /* Preview Assets.xcassets */; };
		DFFF66E222D831590032CCC2 /* LaunchScreen.storyboard in Resources */ = {isa = PBXBuildFile; fileRef = DFFF66E022D831590032CCC2 /* LaunchScreen.storyboard */; };
		DFFF66EA22D832AA0032CCC2 /* HomeView.swift in Sources */ = {isa = PBXBuildFile; fileRef = DFFF66E922D832AA0032CCC2 /* HomeView.swift */; };
/* End PBXBuildFile section */

/* Begin PBXFileReference section */
		04A4F96DEDA48582FD8A6A75 /* Pods-synup-poc.release.xcconfig */ = {isa = PBXFileReference; includeInIndex = 1; lastKnownFileType = text.xcconfig; name = "Pods-synup-poc.release.xcconfig"; path = "Target Support Files/Pods-synup-poc/Pods-synup-poc.release.xcconfig"; sourceTree = "<group>"; };
		10EA95A071F0F5AEFEEEE848 /* Pods_synup_poc.framework */ = {isa = PBXFileReference; explicitFileType = wrapper.framework; includeInIndex = 0; path = Pods_synup_poc.framework; sourceTree = BUILT_PRODUCTS_DIR; };
		DF0E619522E839CA00B07DBA /* Search.swift */ = {isa = PBXFileReference; lastKnownFileType = sourcecode.swift; path = Search.swift; sourceTree = "<group>"; };
		DF0E619822E8609000B07DBA /* ImageLoader.swift */ = {isa = PBXFileReference; lastKnownFileType = sourcecode.swift; path = ImageLoader.swift; sourceTree = "<group>"; };
		DF2BF6EA22D83A8700A6A7EC /* schema.json */ = {isa = PBXFileReference; lastKnownFileType = text.json; path = schema.json; sourceTree = "<group>"; };
		DF7AC2B522D83B79000AA1C3 /* API.graphql */ = {isa = PBXFileReference; fileEncoding = 4; lastKnownFileType = text; path = API.graphql; sourceTree = "<group>"; };
		DF7AC2B722D83B93000AA1C3 /* API.swift */ = {isa = PBXFileReference; fileEncoding = 4; lastKnownFileType = sourcecode.swift; path = API.swift; sourceTree = "<group>"; };
		DF7AC2BC22D83E4B000AA1C3 /* Business.swift */ = {isa = PBXFileReference; lastKnownFileType = sourcecode.swift; path = Business.swift; sourceTree = "<group>"; };
		DF7AC2BF22D8418E000AA1C3 /* GraphQueries.swift */ = {isa = PBXFileReference; lastKnownFileType = sourcecode.swift; path = GraphQueries.swift; sourceTree = "<group>"; };
		DF7AC2C222D8456A000AA1C3 /* SearchBar.swift */ = {isa = PBXFileReference; lastKnownFileType = sourcecode.swift; path = SearchBar.swift; sourceTree = "<group>"; };
		DF7AC2C422D872F7000AA1C3 /* AppState.swift */ = {isa = PBXFileReference; lastKnownFileType = sourcecode.swift; path = AppState.swift; sourceTree = "<group>"; };
		DFFF66D222D831580032CCC2 /* synup-poc.app */ = {isa = PBXFileReference; explicitFileType = wrapper.application; includeInIndex = 0; path = "synup-poc.app"; sourceTree = BUILT_PRODUCTS_DIR; };
		DFFF66D522D831580032CCC2 /* AppDelegate.swift */ = {isa = PBXFileReference; lastKnownFileType = sourcecode.swift; path = AppDelegate.swift; sourceTree = "<group>"; };
		DFFF66D722D831580032CCC2 /* SceneDelegate.swift */ = {isa = PBXFileReference; lastKnownFileType = sourcecode.swift; path = SceneDelegate.swift; sourceTree = "<group>"; };
		DFFF66D922D831580032CCC2 /* ContentView.swift */ = {isa = PBXFileReference; lastKnownFileType = sourcecode.swift; path = ContentView.swift; sourceTree = "<group>"; };
		DFFF66DB22D831590032CCC2 /* Assets.xcassets */ = {isa = PBXFileReference; lastKnownFileType = folder.assetcatalog; path = Assets.xcassets; sourceTree = "<group>"; };
		DFFF66DE22D831590032CCC2 /* Preview Assets.xcassets */ = {isa = PBXFileReference; lastKnownFileType = folder.assetcatalog; path = "Preview Assets.xcassets"; sourceTree = "<group>"; };
		DFFF66E122D831590032CCC2 /* Base */ = {isa = PBXFileReference; lastKnownFileType = file.storyboard; name = Base; path = Base.lproj/LaunchScreen.storyboard; sourceTree = "<group>"; };
		DFFF66E322D831590032CCC2 /* Info.plist */ = {isa = PBXFileReference; lastKnownFileType = text.plist.xml; path = Info.plist; sourceTree = "<group>"; };
		DFFF66E922D832AA0032CCC2 /* HomeView.swift */ = {isa = PBXFileReference; lastKnownFileType = sourcecode.swift; path = HomeView.swift; sourceTree = "<group>"; };
		EF909EC8B10C8C34C570CD6F /* Pods-synup-poc.debug.xcconfig */ = {isa = PBXFileReference; includeInIndex = 1; lastKnownFileType = text.xcconfig; name = "Pods-synup-poc.debug.xcconfig"; path = "Target Support Files/Pods-synup-poc/Pods-synup-poc.debug.xcconfig"; sourceTree = "<group>"; };
/* End PBXFileReference section */

/* Begin PBXFrameworksBuildPhase section */
		DFFF66CF22D831580032CCC2 /* Frameworks */ = {
			isa = PBXFrameworksBuildPhase;
			buildActionMask = 2147483647;
			files = (
				D94C976CFE0D8FDD38BBD47A /* Pods_synup_poc.framework in Frameworks */,
			);
			runOnlyForDeploymentPostprocessing = 0;
		};
/* End PBXFrameworksBuildPhase section */

/* Begin PBXGroup section */
		21799EFA58FB4B7D113ADD33 /* Pods */ = {
			isa = PBXGroup;
			children = (
				EF909EC8B10C8C34C570CD6F /* Pods-synup-poc.debug.xcconfig */,
				04A4F96DEDA48582FD8A6A75 /* Pods-synup-poc.release.xcconfig */,
			);
			path = Pods;
			sourceTree = "<group>";
		};
		89A09A0D53D0461F4F450B90 /* Frameworks */ = {
			isa = PBXGroup;
			children = (
				10EA95A071F0F5AEFEEEE848 /* Pods_synup_poc.framework */,
			);
			name = Frameworks;
			sourceTree = "<group>";
		};
		DF2BF6E822D8392500A6A7EC /* Views */ = {
			isa = PBXGroup;
			children = (
				DFFF66E922D832AA0032CCC2 /* HomeView.swift */,
				DF0E619522E839CA00B07DBA /* Search.swift */,
				DF0E619822E8609000B07DBA /* ImageLoader.swift */,
			);
			path = Views;
			sourceTree = "<group>";
		};
		DF2BF6E922D8393300A6A7EC /* Graphql */ = {
			isa = PBXGroup;
			children = (
				DF7AC2BF22D8418E000AA1C3 /* GraphQueries.swift */,
			);
			path = Graphql;
			sourceTree = "<group>";
		};
		DF7AC2BE22D83E51000AA1C3 /* Model */ = {
			isa = PBXGroup;
			children = (
				DF7AC2BC22D83E4B000AA1C3 /* Business.swift */,
			);
			path = Model;
			sourceTree = "<group>";
		};
		DF7AC2C122D84551000AA1C3 /* UIKitPorts */ = {
			isa = PBXGroup;
			children = (
				DF7AC2C222D8456A000AA1C3 /* SearchBar.swift */,
			);
			path = UIKitPorts;
			sourceTree = "<group>";
		};
		DF7AC2C622D88208000AA1C3 /* Stores */ = {
			isa = PBXGroup;
			children = (
				DF7AC2C422D872F7000AA1C3 /* AppState.swift */,
			);
			path = Stores;
			sourceTree = "<group>";
		};
		DFFF66C922D831580032CCC2 = {
			isa = PBXGroup;
			children = (
				DFFF66D422D831580032CCC2 /* synup-poc */,
				DFFF66D322D831580032CCC2 /* Products */,
				21799EFA58FB4B7D113ADD33 /* Pods */,
				89A09A0D53D0461F4F450B90 /* Frameworks */,
			);
			sourceTree = "<group>";
		};
		DFFF66D322D831580032CCC2 /* Products */ = {
			isa = PBXGroup;
			children = (
				DFFF66D222D831580032CCC2 /* synup-poc.app */,
			);
			name = Products;
			sourceTree = "<group>";
		};
		DFFF66D422D831580032CCC2 /* synup-poc */ = {
			isa = PBXGroup;
			children = (
				DF7AC2C122D84551000AA1C3 /* UIKitPorts */,
				DF7AC2B722D83B93000AA1C3 /* API.swift */,
				DF7AC2BE22D83E51000AA1C3 /* Model */,
				DF2BF6E922D8393300A6A7EC /* Graphql */,
				DF2BF6E822D8392500A6A7EC /* Views */,
				DFFF66D522D831580032CCC2 /* AppDelegate.swift */,
				DFFF66D722D831580032CCC2 /* SceneDelegate.swift */,
				DFFF66D922D831580032CCC2 /* ContentView.swift */,
				DFFF66DB22D831590032CCC2 /* Assets.xcassets */,
				DFFF66E022D831590032CCC2 /* LaunchScreen.storyboard */,
				DFFF66E322D831590032CCC2 /* Info.plist */,
				DFFF66DD22D831590032CCC2 /* Preview Content */,
				DF2BF6EA22D83A8700A6A7EC /* schema.json */,
				DF7AC2B522D83B79000AA1C3 /* API.graphql */,
				DF7AC2C622D88208000AA1C3 /* Stores */,
			);
			path = "synup-poc";
			sourceTree = "<group>";
		};
		DFFF66DD22D831590032CCC2 /* Preview Content */ = {
			isa = PBXGroup;
			children = (
				DFFF66DE22D831590032CCC2 /* Preview Assets.xcassets */,
			);
			path = "Preview Content";
			sourceTree = "<group>";
		};
/* End PBXGroup section */

/* Begin PBXNativeTarget section */
		DFFF66D122D831580032CCC2 /* synup-poc */ = {
			isa = PBXNativeTarget;
			buildConfigurationList = DFFF66E622D831590032CCC2 /* Build configuration list for PBXNativeTarget "synup-poc" */;
			buildPhases = (
				D7D93AD7A13D9B878A12A7F6 /* [CP] Check Pods Manifest.lock */,
				DFFF66CE22D831580032CCC2 /* Sources */,
				DFFF66CF22D831580032CCC2 /* Frameworks */,
				DFFF66D022D831580032CCC2 /* Resources */,
				5C63B85283352EE3411CA105 /* [CP] Embed Pods Frameworks */,
				DF7AC2B422D83B3D000AA1C3 /* Setup Aplollo */,
			);
			buildRules = (
			);
			dependencies = (
			);
			name = "synup-poc";
			productName = "synup-poc";
			productReference = DFFF66D222D831580032CCC2 /* synup-poc.app */;
			productType = "com.apple.product-type.application";
		};
/* End PBXNativeTarget section */

/* Begin PBXProject section */
		DFFF66CA22D831580032CCC2 /* Project object */ = {
			isa = PBXProject;
			attributes = {
				LastSwiftUpdateCheck = 1100;
				LastUpgradeCheck = 1100;
				ORGANIZATIONNAME = synup;
				TargetAttributes = {
					DFFF66D122D831580032CCC2 = {
						CreatedOnToolsVersion = 11.0;
					};
				};
			};
			buildConfigurationList = DFFF66CD22D831580032CCC2 /* Build configuration list for PBXProject "synup-poc" */;
			compatibilityVersion = "Xcode 9.3";
			developmentRegion = en;
			hasScannedForEncodings = 0;
			knownRegions = (
				en,
				Base,
			);
			mainGroup = DFFF66C922D831580032CCC2;
			productRefGroup = DFFF66D322D831580032CCC2 /* Products */;
			projectDirPath = "";
			projectRoot = "";
			targets = (
				DFFF66D122D831580032CCC2 /* synup-poc */,
			);
		};
/* End PBXProject section */

/* Begin PBXResourcesBuildPhase section */
		DFFF66D022D831580032CCC2 /* Resources */ = {
			isa = PBXResourcesBuildPhase;
			buildActionMask = 2147483647;
			files = (
				DF2BF6EB22D83A8700A6A7EC /* schema.json in Resources */,
				DFFF66E222D831590032CCC2 /* LaunchScreen.storyboard in Resources */,
				DFFF66DF22D831590032CCC2 /* Preview Assets.xcassets in Resources */,
				DF7AC2B622D83B79000AA1C3 /* API.graphql in Resources */,
				DFFF66DC22D831590032CCC2 /* Assets.xcassets in Resources */,
			);
			runOnlyForDeploymentPostprocessing = 0;
		};
/* End PBXResourcesBuildPhase section */

/* Begin PBXShellScriptBuildPhase section */
		5C63B85283352EE3411CA105 /* [CP] Embed Pods Frameworks */ = {
			isa = PBXShellScriptBuildPhase;
			buildActionMask = 2147483647;
			files = (
			);
			inputFileListPaths = (
				"${PODS_ROOT}/Target Support Files/Pods-synup-poc/Pods-synup-poc-frameworks-${CONFIGURATION}-input-files.xcfilelist",
			);
			name = "[CP] Embed Pods Frameworks";
			outputFileListPaths = (
				"${PODS_ROOT}/Target Support Files/Pods-synup-poc/Pods-synup-poc-frameworks-${CONFIGURATION}-output-files.xcfilelist",
			);
			runOnlyForDeploymentPostprocessing = 0;
			shellPath = /bin/sh;
			shellScript = "\"${PODS_ROOT}/Target Support Files/Pods-synup-poc/Pods-synup-poc-frameworks.sh\"\n";
			showEnvVarsInLog = 0;
		};
		D7D93AD7A13D9B878A12A7F6 /* [CP] Check Pods Manifest.lock */ = {
			isa = PBXShellScriptBuildPhase;
			buildActionMask = 2147483647;
			files = (
			);
			inputFileListPaths = (
			);
			inputPaths = (
				"${PODS_PODFILE_DIR_PATH}/Podfile.lock",
				"${PODS_ROOT}/Manifest.lock",
			);
			name = "[CP] Check Pods Manifest.lock";
			outputFileListPaths = (
			);
			outputPaths = (
				"$(DERIVED_FILE_DIR)/Pods-synup-poc-checkManifestLockResult.txt",
			);
			runOnlyForDeploymentPostprocessing = 0;
			shellPath = /bin/sh;
			shellScript = "diff \"${PODS_PODFILE_DIR_PATH}/Podfile.lock\" \"${PODS_ROOT}/Manifest.lock\" > /dev/null\nif [ $? != 0 ] ; then\n    # print error to STDERR\n    echo \"error: The sandbox is not in sync with the Podfile.lock. Run 'pod install' or update your CocoaPods installation.\" >&2\n    exit 1\nfi\n# This output is used by Xcode 'outputs' to avoid re-running this script phase.\necho \"SUCCESS\" > \"${SCRIPT_OUTPUT_FILE_0}\"\n";
			showEnvVarsInLog = 0;
		};
		DF7AC2B422D83B3D000AA1C3 /* Setup Aplollo */ = {
			isa = PBXShellScriptBuildPhase;
			buildActionMask = 8;
			files = (
			);
			inputFileListPaths = (
			);
			inputPaths = (
			);
			name = "Setup Aplollo";
			outputFileListPaths = (
			);
			outputPaths = (
			);
			runOnlyForDeploymentPostprocessing = 1;
			shellPath = /bin/sh;
			shellScript = "SCRIPT_PATH=\"${PODS_ROOT}/Apollo/scripts\"\ncd \"${SRCROOT}/${TARGET_NAME}\"\n\"${SCRIPT_PATH}\"/check-and-run-apollo-cli.sh codegen:generate --queries=\"$(find . -name '*.graphql')\" --schema=schema.json API.swift\n";
		};
/* End PBXShellScriptBuildPhase section */

/* Begin PBXSourcesBuildPhase section */
		DFFF66CE22D831580032CCC2 /* Sources */ = {
			isa = PBXSourcesBuildPhase;
			buildActionMask = 2147483647;
			files = (
				DFFF66D622D831580032CCC2 /* AppDelegate.swift in Sources */,
				DF7AC2C522D872F7000AA1C3 /* AppState.swift in Sources */,
				DFFF66EA22D832AA0032CCC2 /* HomeView.swift in Sources */,
				DFFF66D822D831580032CCC2 /* SceneDelegate.swift in Sources */,
				DF7AC2BD22D83E4B000AA1C3 /* Business.swift in Sources */,
				DF0E619922E8609000B07DBA /* ImageLoader.swift in Sources */,
				DFFF66DA22D831580032CCC2 /* ContentView.swift in Sources */,
				DF7AC2C322D8456A000AA1C3 /* SearchBar.swift in Sources */,
				DF0E619622E839CA00B07DBA /* Search.swift in Sources */,
				DF7AC2C022D8418E000AA1C3 /* GraphQueries.swift in Sources */,
				DF7AC2B822D83B93000AA1C3 /* API.swift in Sources */,
			);
			runOnlyForDeploymentPostprocessing = 0;
		};
/* End PBXSourcesBuildPhase section */

/* Begin PBXVariantGroup section */
		DFFF66E022D831590032CCC2 /* LaunchScreen.storyboard */ = {
			isa = PBXVariantGroup;
			children = (
				DFFF66E122D831590032CCC2 /* Base */,
			);
			name = LaunchScreen.storyboard;
			sourceTree = "<group>";
		};
/* End PBXVariantGroup section */

/* Begin XCBuildConfiguration section */
		DFFF66E422D831590032CCC2 /* Debug */ = {
			isa = XCBuildConfiguration;
			buildSettings = {
				ALWAYS_SEARCH_USER_PATHS = NO;
				CLANG_ANALYZER_NONNULL = YES;
				CLANG_ANALYZER_NUMBER_OBJECT_CONVERSION = YES_AGGRESSIVE;
				CLANG_CXX_LANGUAGE_STANDARD = "gnu++14";
				CLANG_CXX_LIBRARY = "libc++";
				CLANG_ENABLE_MODULES = YES;
				CLANG_ENABLE_OBJC_ARC = YES;
				CLANG_ENABLE_OBJC_WEAK = YES;
				CLANG_WARN_BLOCK_CAPTURE_AUTORELEASING = YES;
				CLANG_WARN_BOOL_CONVERSION = YES;
				CLANG_WARN_COMMA = YES;
				CLANG_WARN_CONSTANT_CONVERSION = YES;
				CLANG_WARN_DEPRECATED_OBJC_IMPLEMENTATIONS = YES;
				CLANG_WARN_DIRECT_OBJC_ISA_USAGE = YES_ERROR;
				CLANG_WARN_DOCUMENTATION_COMMENTS = YES;
				CLANG_WARN_EMPTY_BODY = YES;
				CLANG_WARN_ENUM_CONVERSION = YES;
				CLANG_WARN_INFINITE_RECURSION = YES;
				CLANG_WARN_INT_CONVERSION = YES;
				CLANG_WARN_NON_LITERAL_NULL_CONVERSION = YES;
				CLANG_WARN_OBJC_IMPLICIT_RETAIN_SELF = YES;
				CLANG_WARN_OBJC_LITERAL_CONVERSION = YES;
				CLANG_WARN_OBJC_ROOT_CLASS = YES_ERROR;
				CLANG_WARN_RANGE_LOOP_ANALYSIS = YES;
				CLANG_WARN_STRICT_PROTOTYPES = YES;
				CLANG_WARN_SUSPICIOUS_MOVE = YES;
				CLANG_WARN_UNGUARDED_AVAILABILITY = YES_AGGRESSIVE;
				CLANG_WARN_UNREACHABLE_CODE = YES;
				CLANG_WARN__DUPLICATE_METHOD_MATCH = YES;
				COPY_PHASE_STRIP = NO;
				DEBUG_INFORMATION_FORMAT = dwarf;
				ENABLE_STRICT_OBJC_MSGSEND = YES;
				ENABLE_TESTABILITY = YES;
				GCC_C_LANGUAGE_STANDARD = gnu11;
				GCC_DYNAMIC_NO_PIC = NO;
				GCC_NO_COMMON_BLOCKS = YES;
				GCC_OPTIMIZATION_LEVEL = 0;
				GCC_PREPROCESSOR_DEFINITIONS = (
					"DEBUG=1",
					"$(inherited)",
				);
				GCC_WARN_64_TO_32_BIT_CONVERSION = YES;
				GCC_WARN_ABOUT_RETURN_TYPE = YES_ERROR;
				GCC_WARN_UNDECLARED_SELECTOR = YES;
				GCC_WARN_UNINITIALIZED_AUTOS = YES_AGGRESSIVE;
				GCC_WARN_UNUSED_FUNCTION = YES;
				GCC_WARN_UNUSED_VARIABLE = YES;
				IPHONEOS_DEPLOYMENT_TARGET = 13.0;
				MTL_ENABLE_DEBUG_INFO = INCLUDE_SOURCE;
				MTL_FAST_MATH = YES;
				ONLY_ACTIVE_ARCH = YES;
				SDKROOT = iphoneos;
				SWIFT_ACTIVE_COMPILATION_CONDITIONS = DEBUG;
				SWIFT_OPTIMIZATION_LEVEL = "-Onone";
			};
			name = Debug;
		};
		DFFF66E522D831590032CCC2 /* Release */ = {
			isa = XCBuildConfiguration;
			buildSettings = {
				ALWAYS_SEARCH_USER_PATHS = NO;
				CLANG_ANALYZER_NONNULL = YES;
				CLANG_ANALYZER_NUMBER_OBJECT_CONVERSION = YES_AGGRESSIVE;
				CLANG_CXX_LANGUAGE_STANDARD = "gnu++14";
				CLANG_CXX_LIBRARY = "libc++";
				CLANG_ENABLE_MODULES = YES;
				CLANG_ENABLE_OBJC_ARC = YES;
				CLANG_ENABLE_OBJC_WEAK = YES;
				CLANG_WARN_BLOCK_CAPTURE_AUTORELEASING = YES;
				CLANG_WARN_BOOL_CONVERSION = YES;
				CLANG_WARN_COMMA = YES;
				CLANG_WARN_CONSTANT_CONVERSION = YES;
				CLANG_WARN_DEPRECATED_OBJC_IMPLEMENTATIONS = YES;
				CLANG_WARN_DIRECT_OBJC_ISA_USAGE = YES_ERROR;
				CLANG_WARN_DOCUMENTATION_COMMENTS = YES;
				CLANG_WARN_EMPTY_BODY = YES;
				CLANG_WARN_ENUM_CONVERSION = YES;
				CLANG_WARN_INFINITE_RECURSION = YES;
				CLANG_WARN_INT_CONVERSION = YES;
				CLANG_WARN_NON_LITERAL_NULL_CONVERSION = YES;
				CLANG_WARN_OBJC_IMPLICIT_RETAIN_SELF = YES;
				CLANG_WARN_OBJC_LITERAL_CONVERSION = YES;
				CLANG_WARN_OBJC_ROOT_CLASS = YES_ERROR;
				CLANG_WARN_RANGE_LOOP_ANALYSIS = YES;
				CLANG_WARN_STRICT_PROTOTYPES = YES;
				CLANG_WARN_SUSPICIOUS_MOVE = YES;
				CLANG_WARN_UNGUARDED_AVAILABILITY = YES_AGGRESSIVE;
				CLANG_WARN_UNREACHABLE_CODE = YES;
				CLANG_WARN__DUPLICATE_METHOD_MATCH = YES;
				COPY_PHASE_STRIP = NO;
				DEBUG_INFORMATION_FORMAT = "dwarf-with-dsym";
				ENABLE_NS_ASSERTIONS = NO;
				ENABLE_STRICT_OBJC_MSGSEND = YES;
				GCC_C_LANGUAGE_STANDARD = gnu11;
				GCC_NO_COMMON_BLOCKS = YES;
				GCC_WARN_64_TO_32_BIT_CONVERSION = YES;
				GCC_WARN_ABOUT_RETURN_TYPE = YES_ERROR;
				GCC_WARN_UNDECLARED_SELECTOR = YES;
				GCC_WARN_UNINITIALIZED_AUTOS = YES_AGGRESSIVE;
				GCC_WARN_UNUSED_FUNCTION = YES;
				GCC_WARN_UNUSED_VARIABLE = YES;
				IPHONEOS_DEPLOYMENT_TARGET = 13.0;
				MTL_ENABLE_DEBUG_INFO = NO;
				MTL_FAST_MATH = YES;
				SDKROOT = iphoneos;
				SWIFT_COMPILATION_MODE = wholemodule;
				SWIFT_OPTIMIZATION_LEVEL = "-O";
				VALIDATE_PRODUCT = YES;
			};
			name = Release;
		};
		DFFF66E722D831590032CCC2 /* Debug */ = {
			isa = XCBuildConfiguration;
			baseConfigurationReference = EF909EC8B10C8C34C570CD6F /* Pods-synup-poc.debug.xcconfig */;
			buildSettings = {
				ASSETCATALOG_COMPILER_APPICON_NAME = AppIcon;
				CODE_SIGN_STYLE = Automatic;
				DEVELOPMENT_ASSET_PATHS = "synup-poc/Preview\\ Content";
				ENABLE_PREVIEWS = YES;
				INFOPLIST_FILE = "synup-poc/Info.plist";
				LD_RUNPATH_SEARCH_PATHS = (
					"$(inherited)",
					"@executable_path/Frameworks",
				);
				PRODUCT_BUNDLE_IDENTIFIER = "com.synup.synup-poc";
				PRODUCT_NAME = "$(TARGET_NAME)";
				SWIFT_VERSION = 5.0;
				TARGETED_DEVICE_FAMILY = "1,2";
			};
			name = Debug;
		};
		DFFF66E822D831590032CCC2 /* Release */ = {
			isa = XCBuildConfiguration;
			baseConfigurationReference = 04A4F96DEDA48582FD8A6A75 /* Pods-synup-poc.release.xcconfig */;
			buildSettings = {
				ASSETCATALOG_COMPILER_APPICON_NAME = AppIcon;
				CODE_SIGN_STYLE = Automatic;
				DEVELOPMENT_ASSET_PATHS = "synup-poc/Preview\\ Content";
				ENABLE_PREVIEWS = YES;
				INFOPLIST_FILE = "synup-poc/Info.plist";
				LD_RUNPATH_SEARCH_PATHS = (
					"$(inherited)",
					"@executable_path/Frameworks",
				);
				PRODUCT_BUNDLE_IDENTIFIER = "com.synup.synup-poc";
				PRODUCT_NAME = "$(TARGET_NAME)";
				SWIFT_VERSION = 5.0;
				TARGETED_DEVICE_FAMILY = "1,2";
			};
			name = Release;
		};
/* End XCBuildConfiguration section */

/* Begin XCConfigurationList section */
		DFFF66CD22D831580032CCC2 /* Build configuration list for PBXProject "synup-poc" */ = {
			isa = XCConfigurationList;
			buildConfigurations = (
				DFFF66E422D831590032CCC2 /* Debug */,
				DFFF66E522D831590032CCC2 /* Release */,
			);
			defaultConfigurationIsVisible = 0;
			defaultConfigurationName = Release;
		};
		DFFF66E622D831590032CCC2 /* Build configuration list for PBXNativeTarget "synup-poc" */ = {
			isa = XCConfigurationList;
			buildConfigurations = (
				DFFF66E722D831590032CCC2 /* Debug */,
				DFFF66E822D831590032CCC2 /* Release */,
			);
			defaultConfigurationIsVisible = 0;
			defaultConfigurationName = Release;
		};
/* End XCConfigurationList section */
	};
	rootObject = DFFF66CA22D831580032CCC2 /* Project object */;
}
